
Microsoft Visual Studio Solution File, Format Version 12.00
# Visual Studio 14
VisualStudioVersion = 14.0.25420.1
MinimumVisualStudioVersion = 10.0.40219.1
Project("{FAE04EC0-301F-11D3-BF4B-00C04F79EFBC}") = "DexComplete", "DexComplete\DexComplete.csproj", "{19D384BB-68B0-4962-8718-B7AF323E7505}"
EndProject
Project("{FAE04EC0-301F-11D3-BF4B-00C04F79EFBC}") = "DexMigrator", "DexMigrator\DexMigrator.csproj", "{0D3BA8C1-5CC2-45CC-B7C6-2C9BF0229332}"
EndProject
Project("{FAE04EC0-301F-11D3-BF4B-00C04F79EFBC}") = "ModelTest", "ModelTest\ModelTest.csproj", "{F22B4F8E-BC4C-441C-9A41-DB4EA2EBE9BB}"
EndProject
Global
	GlobalSection(SolutionConfigurationPlatforms) = preSolution
		Debug|Any CPU = Debug|Any CPU
		Debug|ARM = Debug|ARM
		Debug|x64 = Debug|x64
		Debug|x86 = Debug|x86
		Release|Any CPU = Release|Any CPU
		Release|ARM = Release|ARM
		Release|x64 = Release|x64
		Release|x86 = Release|x86
	EndGlobalSection
	GlobalSection(ProjectConfigurationPlatforms) = postSolution
		{19D384BB-68B0-4962-8718-B7AF323E7505}.Debug|Any CPU.ActiveCfg = Debug|Any CPU
		{19D384BB-68B0-4962-8718-B7AF323E7505}.Debug|Any CPU.Build.0 = Debug|Any CPU
		{19D384BB-68B0-4962-8718-B7AF323E7505}.Debug|ARM.ActiveCfg = Debug|Any CPU
		{19D384BB-68B0-4962-8718-B7AF323E7505}.Debug|x64.ActiveCfg = Debug|Any CPU
		{19D384BB-68B0-4962-8718-B7AF323E7505}.Debug|x86.ActiveCfg = Debug|Any CPU
		{19D384BB-68B0-4962-8718-B7AF323E7505}.Release|Any CPU.ActiveCfg = Release|Any CPU
		{19D384BB-68B0-4962-8718-B7AF323E7505}.Release|Any CPU.Build.0 = Release|Any CPU
		{19D384BB-68B0-4962-8718-B7AF323E7505}.Release|ARM.ActiveCfg = Release|Any CPU
		{19D384BB-68B0-4962-8718-B7AF323E7505}.Release|x64.ActiveCfg = Release|Any CPU
		{19D384BB-68B0-4962-8718-B7AF323E7505}.Release|x86.ActiveCfg = Release|Any CPU
		{0D3BA8C1-5CC2-45CC-B7C6-2C9BF0229332}.Debug|Any CPU.ActiveCfg = Debug|Any CPU
		{0D3BA8C1-5CC2-45CC-B7C6-2C9BF0229332}.Debug|Any CPU.Build.0 = Debug|Any CPU
		{0D3BA8C1-5CC2-45CC-B7C6-2C9BF0229332}.Debug|ARM.ActiveCfg = Debug|Any CPU
		{0D3BA8C1-5CC2-45CC-B7C6-2C9BF0229332}.Debug|x64.ActiveCfg = Debug|Any CPU
		{0D3BA8C1-5CC2-45CC-B7C6-2C9BF0229332}.Debug|x86.ActiveCfg = Debug|Any CPU
		{0D3BA8C1-5CC2-45CC-B7C6-2C9BF0229332}.Release|Any CPU.ActiveCfg = Release|Any CPU
		{0D3BA8C1-5CC2-45CC-B7C6-2C9BF0229332}.Release|Any CPU.Build.0 = Release|Any CPU
		{0D3BA8C1-5CC2-45CC-B7C6-2C9BF0229332}.Release|ARM.ActiveCfg = Release|Any CPU
		{0D3BA8C1-5CC2-45CC-B7C6-2C9BF0229332}.Release|x64.ActiveCfg = Release|Any CPU
		{0D3BA8C1-5CC2-45CC-B7C6-2C9BF0229332}.Release|x86.ActiveCfg = Release|Any CPU
		{F22B4F8E-BC4C-441C-9A41-DB4EA2EBE9BB}.Debug|Any CPU.ActiveCfg = Debug|Any CPU
		{F22B4F8E-BC4C-441C-9A41-DB4EA2EBE9BB}.Debug|Any CPU.Build.0 = Debug|Any CPU
		{F22B4F8E-BC4C-441C-9A41-DB4EA2EBE9BB}.Debug|ARM.ActiveCfg = Debug|Any CPU
		{F22B4F8E-BC4C-441C-9A41-DB4EA2EBE9BB}.Debug|x64.ActiveCfg = Debug|Any CPU
		{F22B4F8E-BC4C-441C-9A41-DB4EA2EBE9BB}.Debug|x86.ActiveCfg = Debug|Any CPU
		{F22B4F8E-BC4C-441C-9A41-DB4EA2EBE9BB}.Release|Any CPU.ActiveCfg = Release|Any CPU
		{F22B4F8E-BC4C-441C-9A41-DB4EA2EBE9BB}.Release|Any CPU.Build.0 = Release|Any CPU
		{F22B4F8E-BC4C-441C-9A41-DB4EA2EBE9BB}.Release|ARM.ActiveCfg = Release|Any CPU
		{F22B4F8E-BC4C-441C-9A41-DB4EA2EBE9BB}.Release|x64.ActiveCfg = Release|Any CPU
		{F22B4F8E-BC4C-441C-9A41-DB4EA2EBE9BB}.Release|x86.ActiveCfg = Release|Any CPU
	EndGlobalSection
	GlobalSection(SolutionProperties) = preSolution
		HideSolutionNode = FALSE
	EndGlobalSection
EndGlobal
